
Microsoft Visual Studio Solution File, Format Version 12.00
Project("{2150E333-8FDC-42A3-9474-1A3956D46DE8}") = "src", "src", "{07E80854-33A0-434A-873C-9BC32969A5D0}"
EndProject
Project("{FAE04EC0-301F-11D3-BF4B-00C04F79EFBC}") = "WalletFlow.Api", "src\WalletFlow.Api\WalletFlow.Api.csproj", "{AAF30EE1-30BB-4449-8889-4B74170BBDB9}"
EndProject
Project("{FAE04EC0-301F-11D3-BF4B-00C04F79EFBC}") = "WalletFlow.Domain", "src\WalletFlow.Domain\WalletFlow.Domain.csproj", "{95A8C995-4937-4E27-A483-A7D8142C1FC1}"
EndProject
Project("{FAE04EC0-301F-11D3-BF4B-00C04F79EFBC}") = "WalletFlow.Infrastructure", "src\WalletFlow.Infrastructure\WalletFlow.Infrastructure.csproj", "{13E09AD5-B4AA-48AB-8D97-7D295B17216C}"
EndProject
Project("{FAE04EC0-301F-11D3-BF4B-00C04F79EFBC}") = "WalletFlow.Application", "src\WalletFlow.Application\WalletFlow.Application.csproj", "{5DF1F06D-0E8B-49CF-AB33-9D905AE234D7}"
EndProject
Project("{FAE04EC0-301F-11D3-BF4B-00C04F79EFBC}") = "WalletFlow.Shared", "src\WalletFlow.Shared\WalletFlow.Shared.csproj", "{77FFFBDB-00B2-474D-BA37-7B5C26E1BF4B}"
EndProject
Project("{FAE04EC0-301F-11D3-BF4B-00C04F79EFBC}") = "WalletFlow.IoC", "src\WalletFlow.IoC\WalletFlow.IoC.csproj", "{BBE02F72-E15C-465B-A792-2BBBA3564EAF}"
EndProject
Project("{2150E333-8FDC-42A3-9474-1A3956D46DE8}") = "tests", "tests", "{F6745CA5-0EB1-4306-B3AC-169AE6A30632}"
EndProject
Project("{FAE04EC0-301F-11D3-BF4B-00C04F79EFBC}") = "WalletFlow.Domain.Tests", "tests\WalletFlow.Domain.Tests\WalletFlow.Domain.Tests.csproj", "{6A63575D-7C6A-462C-9F6E-C584F5194AD3}"
EndProject
Project("{FAE04EC0-301F-11D3-BF4B-00C04F79EFBC}") = "WalletFlow.Integration.Tests", "tests\WalletFlow.Integration.Tests\WalletFlow.Integration.Tests.csproj", "{5A36964A-E871-4ED6-80E4-DC292C930B40}"
EndProject
Global
	GlobalSection(SolutionConfigurationPlatforms) = preSolution
		Debug|Any CPU = Debug|Any CPU
		Release|Any CPU = Release|Any CPU
	EndGlobalSection
	GlobalSection(NestedProjects) = preSolution
		{AAF30EE1-30BB-4449-8889-4B74170BBDB9} = {07E80854-33A0-434A-873C-9BC32969A5D0}
		{95A8C995-4937-4E27-A483-A7D8142C1FC1} = {07E80854-33A0-434A-873C-9BC32969A5D0}
		{13E09AD5-B4AA-48AB-8D97-7D295B17216C} = {07E80854-33A0-434A-873C-9BC32969A5D0}
		{5DF1F06D-0E8B-49CF-AB33-9D905AE234D7} = {07E80854-33A0-434A-873C-9BC32969A5D0}
		{77FFFBDB-00B2-474D-BA37-7B5C26E1BF4B} = {07E80854-33A0-434A-873C-9BC32969A5D0}
		{BBE02F72-E15C-465B-A792-2BBBA3564EAF} = {07E80854-33A0-434A-873C-9BC32969A5D0}
		{6A63575D-7C6A-462C-9F6E-C584F5194AD3} = {F6745CA5-0EB1-4306-B3AC-169AE6A30632}
		{5A36964A-E871-4ED6-80E4-DC292C930B40} = {F6745CA5-0EB1-4306-B3AC-169AE6A30632}
	EndGlobalSection
	GlobalSection(ProjectConfigurationPlatforms) = postSolution
		{AAF30EE1-30BB-4449-8889-4B74170BBDB9}.Debug|Any CPU.ActiveCfg = Debug|Any CPU
		{AAF30EE1-30BB-4449-8889-4B74170BBDB9}.Debug|Any CPU.Build.0 = Debug|Any CPU
		{AAF30EE1-30BB-4449-8889-4B74170BBDB9}.Release|Any CPU.ActiveCfg = Release|Any CPU
		{AAF30EE1-30BB-4449-8889-4B74170BBDB9}.Release|Any CPU.Build.0 = Release|Any CPU
		{95A8C995-4937-4E27-A483-A7D8142C1FC1}.Debug|Any CPU.ActiveCfg = Debug|Any CPU
		{95A8C995-4937-4E27-A483-A7D8142C1FC1}.Debug|Any CPU.Build.0 = Debug|Any CPU
		{95A8C995-4937-4E27-A483-A7D8142C1FC1}.Release|Any CPU.ActiveCfg = Release|Any CPU
		{95A8C995-4937-4E27-A483-A7D8142C1FC1}.Release|Any CPU.Build.0 = Release|Any CPU
		{13E09AD5-B4AA-48AB-8D97-7D295B17216C}.Debug|Any CPU.ActiveCfg = Debug|Any CPU
		{13E09AD5-B4AA-48AB-8D97-7D295B17216C}.Debug|Any CPU.Build.0 = Debug|Any CPU
		{13E09AD5-B4AA-48AB-8D97-7D295B17216C}.Release|Any CPU.ActiveCfg = Release|Any CPU
		{13E09AD5-B4AA-48AB-8D97-7D295B17216C}.Release|Any CPU.Build.0 = Release|Any CPU
		{5DF1F06D-0E8B-49CF-AB33-9D905AE234D7}.Debug|Any CPU.ActiveCfg = Debug|Any CPU
		{5DF1F06D-0E8B-49CF-AB33-9D905AE234D7}.Debug|Any CPU.Build.0 = Debug|Any CPU
		{5DF1F06D-0E8B-49CF-AB33-9D905AE234D7}.Release|Any CPU.ActiveCfg = Release|Any CPU
		{5DF1F06D-0E8B-49CF-AB33-9D905AE234D7}.Release|Any CPU.Build.0 = Release|Any CPU
		{77FFFBDB-00B2-474D-BA37-7B5C26E1BF4B}.Debug|Any CPU.ActiveCfg = Debug|Any CPU
		{77FFFBDB-00B2-474D-BA37-7B5C26E1BF4B}.Debug|Any CPU.Build.0 = Debug|Any CPU
		{77FFFBDB-00B2-474D-BA37-7B5C26E1BF4B}.Release|Any CPU.ActiveCfg = Release|Any CPU
		{77FFFBDB-00B2-474D-BA37-7B5C26E1BF4B}.Release|Any CPU.Build.0 = Release|Any CPU
		{BBE02F72-E15C-465B-A792-2BBBA3564EAF}.Debug|Any CPU.ActiveCfg = Debug|Any CPU
		{BBE02F72-E15C-465B-A792-2BBBA3564EAF}.Debug|Any CPU.Build.0 = Debug|Any CPU
		{BBE02F72-E15C-465B-A792-2BBBA3564EAF}.Release|Any CPU.ActiveCfg = Release|Any CPU
		{BBE02F72-E15C-465B-A792-2BBBA3564EAF}.Release|Any CPU.Build.0 = Release|Any CPU
		{6A63575D-7C6A-462C-9F6E-C584F5194AD3}.Debug|Any CPU.ActiveCfg = Debug|Any CPU
		{6A63575D-7C6A-462C-9F6E-C584F5194AD3}.Debug|Any CPU.Build.0 = Debug|Any CPU
		{6A63575D-7C6A-462C-9F6E-C584F5194AD3}.Release|Any CPU.ActiveCfg = Release|Any CPU
		{6A63575D-7C6A-462C-9F6E-C584F5194AD3}.Release|Any CPU.Build.0 = Release|Any CPU
		{5A36964A-E871-4ED6-80E4-DC292C930B40}.Debug|Any CPU.ActiveCfg = Debug|Any CPU
		{5A36964A-E871-4ED6-80E4-DC292C930B40}.Debug|Any CPU.Build.0 = Debug|Any CPU
		{5A36964A-E871-4ED6-80E4-DC292C930B40}.Release|Any CPU.ActiveCfg = Release|Any CPU
		{5A36964A-E871-4ED6-80E4-DC292C930B40}.Release|Any CPU.Build.0 = Release|Any CPU
	EndGlobalSection
EndGlobal
